PODS:
  - GoogleAnalytics-iOS-SDK (3.0.3)
  - NewRelicAgent (3.184)
  - NSData+Base64 (1.0.0)
  - Reachability (3.1.1)

DEPENDENCIES:
  - GoogleAnalytics-iOS-SDK (~> 3.0.2)
  - NewRelicAgent (~> 3.130)
  - NSData+Base64 (~> 1.0.0)
  - Reachability (~> 3.1.1)

SPEC CHECKSUMS:
  GoogleAnalytics-iOS-SDK: 7b0e55cfe5e70d60478a7b105f15ac71e8bc373e
  NewRelicAgent: 1b5ca2856251e651ff502aed6d31b868cab96dae
  NSData+Base64: 4819562faee4544e3cf5703f2139820b09732b28
  Reachability: be4883bb93f31e38266ae3365e5600a317aae735

COCOAPODS: 0.29.0
