PODS:
  - GoogleAnalytics-iOS-SDK (3.0.7)
  - NewRelicAgent (3.343)
  - NSData+Base64 (1.0.0)
  - Reachability (3.1.1)

DEPENDENCIES:
  - GoogleAnalytics-iOS-SDK (~> 3.0.2)
  - NewRelicAgent (~> 3.130)
  - NSData+Base64 (~> 1.0.0)
  - Reachability (~> 3.1.1)

SPEC CHECKSUMS:
  GoogleAnalytics-iOS-SDK: bb285d8eef15a682f1b82971becd0d22edd0e53b
  NewRelicAgent: 95b45c10c8f53738fb8a65034e6d6ae72e90570f
  NSData+Base64: aae92a2e3f0bd88b29fe6093551ded3f5c062548
  Reachability: 8e9635e3cb4f98e7f825e51147f677ecc694d0e7

COCOAPODS: 0.35.0
